dependencies:
  espressif/esp_modem:
    component_hash: 44a661e55cb7ea15a97152b1a5594bb764906cf79e03916f00d47aabccbb24c5
    dependencies:
    - name: idf
      require: private
      version: '>=4.1'
    source:
      registry_url: https://components.espressif.com/
      type: service
    version: 1.2.0
  idf:
    source:
      type: idf
    version: 5.3.1
direct_dependencies:
- espressif/esp_modem
- idf
manifest_hash: 781ec93d40227d76fc1dbe04cd78326e1682f954d5c97862fe393edf3a311b76
target: esp32s3
version: 2.0.0
